// !$*UTF8*$!
{
	archiveVersion = 1;
	classes = {
	};
	objectVersion = 50;
	objects = {

/* Begin PBXBuildFile section */
		008A160921D5565500DA029B /* ListEntity.swift in Sources */ = {isa = PBXBuildFile; fileRef = 008A160821D5565500DA029B /* ListEntity.swift */; };
		008A160B21D556F700DA029B /* LinkEntity.swift in Sources */ = {isa = PBXBuildFile; fileRef = 008A160A21D556F700DA029B /* LinkEntity.swift */; };
		008A160D21D557DD00DA029B /* PersonEntity.swift in Sources */ = {isa = PBXBuildFile; fileRef = 008A160C21D557DD00DA029B /* PersonEntity.swift */; };
		008A160F21D55B7100DA029B /* MainTableViewController.swift in Sources */ = {isa = PBXBuildFile; fileRef = 008A160E21D55B7100DA029B /* MainTableViewController.swift */; };
		0CD6CA13550B64B77E22977A /* Pods_Coordinator.framework in Frameworks */ = {isa = PBXBuildFile; fileRef = 6BB3F5F22432D48F2DFD9A2D /* Pods_Coordinator.framework */; };
		A206E23621DE798A0099B5D4 /* LoginNavigator.swift in Sources */ = {isa = PBXBuildFile; fileRef = A206E23521DE798A0099B5D4 /* LoginNavigator.swift */; };
		A206E23821DE79990099B5D4 /* Navigator.swift in Sources */ = {isa = PBXBuildFile; fileRef = A206E23721DE79990099B5D4 /* Navigator.swift */; };
		A206E23A21DE79C60099B5D4 /* LoginViewControllerFactory.swift in Sources */ = {isa = PBXBuildFile; fileRef = A206E23921DE79C60099B5D4 /* LoginViewControllerFactory.swift */; };
		A206E23C21DE7A560099B5D4 /* User.swift in Sources */ = {isa = PBXBuildFile; fileRef = A206E23B21DE7A560099B5D4 /* User.swift */; };
		A206E24221DE80140099B5D4 /* WelcomeViewController.swift in Sources */ = {isa = PBXBuildFile; fileRef = A206E24121DE80140099B5D4 /* WelcomeViewController.swift */; };
		A206E24521DE803F0099B5D4 /* PasswordResetViewController.swift in Sources */ = {isa = PBXBuildFile; fileRef = A206E24421DE803F0099B5D4 /* PasswordResetViewController.swift */; };
		A206E24821DE805A0099B5D4 /* SignUpViewController.swift in Sources */ = {isa = PBXBuildFile; fileRef = A206E24721DE805A0099B5D4 /* SignUpViewController.swift */; };
		A206E24A21DE82490099B5D4 /* LoginViewController.swift in Sources */ = {isa = PBXBuildFile; fileRef = A206E24921DE82490099B5D4 /* LoginViewController.swift */; };
		A21F4F7921DFF12900FA8EB5 /* PasswordReset.storyboard in Resources */ = {isa = PBXBuildFile; fileRef = A21F4F7821DFF12900FA8EB5 /* PasswordReset.storyboard */; };
		A21F4F7B21DFF13E00FA8EB5 /* SignUp.storyboard in Resources */ = {isa = PBXBuildFile; fileRef = A21F4F7A21DFF13E00FA8EB5 /* SignUp.storyboard */; };
		A21F4F7D21DFF14C00FA8EB5 /* Welcome.storyboard in Resources */ = {isa = PBXBuildFile; fileRef = A21F4F7C21DFF14C00FA8EB5 /* Welcome.storyboard */; };
		A21F4F8121DFF3D600FA8EB5 /* Login.storyboard in Resources */ = {isa = PBXBuildFile; fileRef = A21F4F8021DFF3D600FA8EB5 /* Login.storyboard */; };
		A26C0A7A21CD561600CBCCB2 /* AppDelegate.swift in Sources */ = {isa = PBXBuildFile; fileRef = A26C0A7921CD561600CBCCB2 /* AppDelegate.swift */; };
		A26C0A7F21CD561600CBCCB2 /* Main.storyboard in Resources */ = {isa = PBXBuildFile; fileRef = A26C0A7D21CD561600CBCCB2 /* Main.storyboard */; };
		A26C0A8121CD561700CBCCB2 /* Assets.xcassets in Resources */ = {isa = PBXBuildFile; fileRef = A26C0A8021CD561700CBCCB2 /* Assets.xcassets */; };
		A26C0A8421CD561700CBCCB2 /* LaunchScreen.storyboard in Resources */ = {isa = PBXBuildFile; fileRef = A26C0A8221CD561700CBCCB2 /* LaunchScreen.storyboard */; };
		A26C0A8D21CD596B00CBCCB2 /* Networking.swift in Sources */ = {isa = PBXBuildFile; fileRef = A26C0A8C21CD596B00CBCCB2 /* Networking.swift */; };
/* End PBXBuildFile section */

/* Begin PBXFileReference section */
		008A160821D5565500DA029B /* ListEntity.swift */ = {isa = PBXFileReference; lastKnownFileType = sourcecode.swift; path = ListEntity.swift; sourceTree = "<group>"; };
		008A160A21D556F700DA029B /* LinkEntity.swift */ = {isa = PBXFileReference; lastKnownFileType = sourcecode.swift; path = LinkEntity.swift; sourceTree = "<group>"; };
		008A160C21D557DD00DA029B /* PersonEntity.swift */ = {isa = PBXFileReference; lastKnownFileType = sourcecode.swift; path = PersonEntity.swift; sourceTree = "<group>"; };
		008A160E21D55B7100DA029B /* MainTableViewController.swift */ = {isa = PBXFileReference; lastKnownFileType = sourcecode.swift; path = MainTableViewController.swift; sourceTree = "<group>"; };
		6BB3F5F22432D48F2DFD9A2D /* Pods_Coordinator.framework */ = {isa = PBXFileReference; explicitFileType = wrapper.framework; includeInIndex = 0; path = Pods_Coordinator.framework; sourceTree = BUILT_PRODUCTS_DIR; };
		A206E23521DE798A0099B5D4 /* LoginNavigator.swift */ = {isa = PBXFileReference; lastKnownFileType = sourcecode.swift; path = LoginNavigator.swift; sourceTree = "<group>"; };
		A206E23721DE79990099B5D4 /* Navigator.swift */ = {isa = PBXFileReference; lastKnownFileType = sourcecode.swift; path = Navigator.swift; sourceTree = "<group>"; };
		A206E23921DE79C60099B5D4 /* LoginViewControllerFactory.swift */ = {isa = PBXFileReference; lastKnownFileType = sourcecode.swift; path = LoginViewControllerFactory.swift; sourceTree = "<group>"; };
		A206E23B21DE7A560099B5D4 /* User.swift */ = {isa = PBXFileReference; lastKnownFileType = sourcecode.swift; path = User.swift; sourceTree = "<group>"; };
		A206E24121DE80140099B5D4 /* WelcomeViewController.swift */ = {isa = PBXFileReference; lastKnownFileType = sourcecode.swift; path = WelcomeViewController.swift; sourceTree = "<group>"; };
		A206E24421DE803F0099B5D4 /* PasswordResetViewController.swift */ = {isa = PBXFileReference; lastKnownFileType = sourcecode.swift; path = PasswordResetViewController.swift; sourceTree = "<group>"; };
		A206E24721DE805A0099B5D4 /* SignUpViewController.swift */ = {isa = PBXFileReference; lastKnownFileType = sourcecode.swift; path = SignUpViewController.swift; sourceTree = "<group>"; };
		A206E24921DE82490099B5D4 /* LoginViewController.swift */ = {isa = PBXFileReference; lastKnownFileType = sourcecode.swift; path = LoginViewController.swift; sourceTree = "<group>"; };
		A21F4F7821DFF12900FA8EB5 /* PasswordReset.storyboard */ = {isa = PBXFileReference; lastKnownFileType = file.storyboard; path = PasswordReset.storyboard; sourceTree = "<group>"; };
		A21F4F7A21DFF13E00FA8EB5 /* SignUp.storyboard */ = {isa = PBXFileReference; lastKnownFileType = file.storyboard; path = SignUp.storyboard; sourceTree = "<group>"; };
		A21F4F7C21DFF14C00FA8EB5 /* Welcome.storyboard */ = {isa = PBXFileReference; lastKnownFileType = file.storyboard; path = Welcome.storyboard; sourceTree = "<group>"; };
		A21F4F8021DFF3D600FA8EB5 /* Login.storyboard */ = {isa = PBXFileReference; lastKnownFileType = file.storyboard; path = Login.storyboard; sourceTree = "<group>"; };
		A26C0A7621CD561600CBCCB2 /* Coordinator.app */ = {isa = PBXFileReference; explicitFileType = wrapper.application; includeInIndex = 0; path = Coordinator.app; sourceTree = BUILT_PRODUCTS_DIR; };
		A26C0A7921CD561600CBCCB2 /* AppDelegate.swift */ = {isa = PBXFileReference; lastKnownFileType = sourcecode.swift; path = AppDelegate.swift; sourceTree = "<group>"; };
		A26C0A7E21CD561600CBCCB2 /* Base */ = {isa = PBXFileReference; lastKnownFileType = file.storyboard; name = Base; path = Base.lproj/Main.storyboard; sourceTree = "<group>"; };
		A26C0A8021CD561700CBCCB2 /* Assets.xcassets */ = {isa = PBXFileReference; lastKnownFileType = folder.assetcatalog; path = Assets.xcassets; sourceTree = "<group>"; };
		A26C0A8321CD561700CBCCB2 /* Base */ = {isa = PBXFileReference; lastKnownFileType = file.storyboard; name = Base; path = Base.lproj/LaunchScreen.storyboard; sourceTree = "<group>"; };
		A26C0A8521CD561700CBCCB2 /* Info.plist */ = {isa = PBXFileReference; lastKnownFileType = text.plist.xml; path = Info.plist; sourceTree = "<group>"; };
		A26C0A8C21CD596B00CBCCB2 /* Networking.swift */ = {isa = PBXFileReference; lastKnownFileType = sourcecode.swift; path = Networking.swift; sourceTree = "<group>"; };
		B5E50A1A0747A86390EBFCBD /* Pods-Coordinator.release.xcconfig */ = {isa = PBXFileReference; includeInIndex = 1; lastKnownFileType = text.xcconfig; name = "Pods-Coordinator.release.xcconfig"; path = "Pods/Target Support Files/Pods-Coordinator/Pods-Coordinator.release.xcconfig"; sourceTree = "<group>"; };
		BD665D3BB7EA26DDB0B4B7AC /* Pods-Coordinator.debug.xcconfig */ = {isa = PBXFileReference; includeInIndex = 1; lastKnownFileType = text.xcconfig; name = "Pods-Coordinator.debug.xcconfig"; path = "Pods/Target Support Files/Pods-Coordinator/Pods-Coordinator.debug.xcconfig"; sourceTree = "<group>"; };
/* End PBXFileReference section */

/* Begin PBXFrameworksBuildPhase section */
		A26C0A7321CD561600CBCCB2 /* Frameworks */ = {
			isa = PBXFrameworksBuildPhase;
			buildActionMask = 2147483647;
			files = (
				0CD6CA13550B64B77E22977A /* Pods_Coordinator.framework in Frameworks */,
			);
			runOnlyForDeploymentPostprocessing = 0;
		};
/* End PBXFrameworksBuildPhase section */

/* Begin PBXGroup section */
		008A160721D5563F00DA029B /* Entity */ = {
			isa = PBXGroup;
			children = (
				008A160A21D556F700DA029B /* LinkEntity.swift */,
				008A160821D5565500DA029B /* ListEntity.swift */,
				008A160C21D557DD00DA029B /* PersonEntity.swift */,
			);
			path = Entity;
			sourceTree = "<group>";
		};
		008A161021D55CB100DA029B /* Scene */ = {
			isa = PBXGroup;
			children = (
				A26C0A7D21CD561600CBCCB2 /* Main.storyboard */,
				A206E23721DE79990099B5D4 /* Navigator.swift */,
				A206E23B21DE7A560099B5D4 /* User.swift */,
				A206E23F21DE7FE40099B5D4 /* Login */,
				A206E24321DE80280099B5D4 /* Password Reset */,
				A206E24621DE804C0099B5D4 /* SignUp */,
				A206E24021DE80010099B5D4 /* Welcome */,
			);
			path = Scene;
			sourceTree = "<group>";
		};
		008A161121D55CD600DA029B /* Supporting Files */ = {
			isa = PBXGroup;
			children = (
				A26C0A8521CD561700CBCCB2 /* Info.plist */,
				A26C0A8021CD561700CBCCB2 /* Assets.xcassets */,
				A26C0A8221CD561700CBCCB2 /* LaunchScreen.storyboard */,
			);
			path = "Supporting Files";
			sourceTree = "<group>";
		};
		1E69DDD34EC99705EE54CEEB /* Pods */ = {
			isa = PBXGroup;
			children = (
				BD665D3BB7EA26DDB0B4B7AC /* Pods-Coordinator.debug.xcconfig */,
				B5E50A1A0747A86390EBFCBD /* Pods-Coordinator.release.xcconfig */,
			);
			name = Pods;
			sourceTree = "<group>";
		};
		A206E23F21DE7FE40099B5D4 /* Login */ = {
			isa = PBXGroup;
			children = (
				A21F4F8021DFF3D600FA8EB5 /* Login.storyboard */,
				A206E23521DE798A0099B5D4 /* LoginNavigator.swift */,
				A206E24921DE82490099B5D4 /* LoginViewController.swift */,
				A206E23921DE79C60099B5D4 /* LoginViewControllerFactory.swift */,
			);
			path = Login;
			sourceTree = "<group>";
		};
		A206E24021DE80010099B5D4 /* Welcome */ = {
			isa = PBXGroup;
			children = (
				A21F4F7C21DFF14C00FA8EB5 /* Welcome.storyboard */,
				A206E24121DE80140099B5D4 /* WelcomeViewController.swift */,
			);
			path = Welcome;
			sourceTree = "<group>";
		};
		A206E24321DE80280099B5D4 /* Password Reset */ = {
			isa = PBXGroup;
			children = (
				A21F4F7821DFF12900FA8EB5 /* PasswordReset.storyboard */,
				A206E24421DE803F0099B5D4 /* PasswordResetViewController.swift */,
			);
			path = "Password Reset";
			sourceTree = "<group>";
		};
		A206E24621DE804C0099B5D4 /* SignUp */ = {
			isa = PBXGroup;
			children = (
				A21F4F7A21DFF13E00FA8EB5 /* SignUp.storyboard */,
				A206E24721DE805A0099B5D4 /* SignUpViewController.swift */,
			);
			path = SignUp;
			sourceTree = "<group>";
		};
		A26C0A6D21CD561600CBCCB2 = {
			isa = PBXGroup;
			children = (
				A26C0A7821CD561600CBCCB2 /* Coordinator */,
				A26C0A7721CD561600CBCCB2 /* Products */,
				1E69DDD34EC99705EE54CEEB /* Pods */,
				FCF8556F3703B5DA142AF1A8 /* Frameworks */,
			);
			sourceTree = "<group>";
		};
		A26C0A7721CD561600CBCCB2 /* Products */ = {
			isa = PBXGroup;
			children = (
				A26C0A7621CD561600CBCCB2 /* Coordinator.app */,
			);
			name = Products;
			sourceTree = "<group>";
		};
		A26C0A7821CD561600CBCCB2 /* Coordinator */ = {
			isa = PBXGroup;
			children = (
				A26C0A7921CD561600CBCCB2 /* AppDelegate.swift */,
				008A160E21D55B7100DA029B /* MainTableViewController.swift */,
				008A160721D5563F00DA029B /* Entity */,
				A26C0A8B21CD595500CBCCB2 /* Networking */,
				008A161021D55CB100DA029B /* Scene */,
				008A161121D55CD600DA029B /* Supporting Files */,
			);
			path = Coordinator;
			sourceTree = "<group>";
		};
		A26C0A8B21CD595500CBCCB2 /* Networking */ = {
			isa = PBXGroup;
			children = (
				A26C0A8C21CD596B00CBCCB2 /* Networking.swift */,
			);
			path = Networking;
			sourceTree = "<group>";
		};
		FCF8556F3703B5DA142AF1A8 /* Frameworks */ = {
			isa = PBXGroup;
			children = (
				6BB3F5F22432D48F2DFD9A2D /* Pods_Coordinator.framework */,
			);
			name = Frameworks;
			sourceTree = "<group>";
		};
/* End PBXGroup section */

/* Begin PBXNativeTarget section */
		A26C0A7521CD561600CBCCB2 /* Coordinator */ = {
			isa = PBXNativeTarget;
			buildConfigurationList = A26C0A8821CD561700CBCCB2 /* Build configuration list for PBXNativeTarget "Coordinator" */;
			buildPhases = (
				380BEC9374A8B55DF8C68488 /* [CP] Check Pods Manifest.lock */,
				A26C0A7221CD561600CBCCB2 /* Sources */,
				A26C0A7321CD561600CBCCB2 /* Frameworks */,
				A26C0A7421CD561600CBCCB2 /* Resources */,
				8D8BEF8CEE2C3825D8A95BC7 /* [CP] Embed Pods Frameworks */,
			);
			buildRules = (
			);
			dependencies = (
			);
			name = Coordinator;
			productName = Coordinator;
			productReference = A26C0A7621CD561600CBCCB2 /* Coordinator.app */;
			productType = "com.apple.product-type.application";
		};
/* End PBXNativeTarget section */

/* Begin PBXProject section */
		A26C0A6E21CD561600CBCCB2 /* Project object */ = {
			isa = PBXProject;
			attributes = {
				LastSwiftUpdateCheck = 1010;
				LastUpgradeCheck = 1010;
				ORGANIZATIONNAME = "João Mendes | Stone";
				TargetAttributes = {
					A26C0A7521CD561600CBCCB2 = {
						CreatedOnToolsVersion = 10.1;
					};
				};
			};
			buildConfigurationList = A26C0A7121CD561600CBCCB2 /* Build configuration list for PBXProject "Coordinator" */;
			compatibilityVersion = "Xcode 9.3";
			developmentRegion = en;
			hasScannedForEncodings = 0;
			knownRegions = (
				en,
				Base,
			);
			mainGroup = A26C0A6D21CD561600CBCCB2;
			productRefGroup = A26C0A7721CD561600CBCCB2 /* Products */;
			projectDirPath = "";
			projectRoot = "";
			targets = (
				A26C0A7521CD561600CBCCB2 /* Coordinator */,
			);
		};
/* End PBXProject section */

/* Begin PBXResourcesBuildPhase section */
		A26C0A7421CD561600CBCCB2 /* Resources */ = {
			isa = PBXResourcesBuildPhase;
			buildActionMask = 2147483647;
			files = (
				A26C0A8421CD561700CBCCB2 /* LaunchScreen.storyboard in Resources */,
				A21F4F7921DFF12900FA8EB5 /* PasswordReset.storyboard in Resources */,
				A21F4F8121DFF3D600FA8EB5 /* Login.storyboard in Resources */,
				A26C0A8121CD561700CBCCB2 /* Assets.xcassets in Resources */,
				A26C0A7F21CD561600CBCCB2 /* Main.storyboard in Resources */,
				A21F4F7B21DFF13E00FA8EB5 /* SignUp.storyboard in Resources */,
				A21F4F7D21DFF14C00FA8EB5 /* Welcome.storyboard in Resources */,
			);
			runOnlyForDeploymentPostprocessing = 0;
		};
/* End PBXResourcesBuildPhase section */

/* Begin PBXShellScriptBuildPhase section */
		380BEC9374A8B55DF8C68488 /* [CP] Check Pods Manifest.lock */ = {
			isa = PBXShellScriptBuildPhase;
			buildActionMask = 2147483647;
			files = (
			);
			inputFileListPaths = (
			);
			inputPaths = (
				"${PODS_PODFILE_DIR_PATH}/Podfile.lock",
				"${PODS_ROOT}/Manifest.lock",
			);
			name = "[CP] Check Pods Manifest.lock";
			outputFileListPaths = (
			);
			outputPaths = (
				"$(DERIVED_FILE_DIR)/Pods-Coordinator-checkManifestLockResult.txt",
			);
			runOnlyForDeploymentPostprocessing = 0;
			shellPath = /bin/sh;
			shellScript = "diff \"${PODS_PODFILE_DIR_PATH}/Podfile.lock\" \"${PODS_ROOT}/Manifest.lock\" > /dev/null\nif [ $? != 0 ] ; then\n    # print error to STDERR\n    echo \"error: The sandbox is not in sync with the Podfile.lock. Run 'pod install' or update your CocoaPods installation.\" >&2\n    exit 1\nfi\n# This output is used by Xcode 'outputs' to avoid re-running this script phase.\necho \"SUCCESS\" > \"${SCRIPT_OUTPUT_FILE_0}\"\n";
			showEnvVarsInLog = 0;
		};
		8D8BEF8CEE2C3825D8A95BC7 /* [CP] Embed Pods Frameworks */ = {
			isa = PBXShellScriptBuildPhase;
			buildActionMask = 2147483647;
			files = (
			);
			inputFileListPaths = (
			);
			inputPaths = (
				"${SRCROOT}/Pods/Target Support Files/Pods-Coordinator/Pods-Coordinator-frameworks.sh",
				"${BUILT_PRODUCTS_DIR}/Alamofire/Alamofire.framework",
				"${BUILT_PRODUCTS_DIR}/Moya/Moya.framework",
				"${BUILT_PRODUCTS_DIR}/Result/Result.framework",
			);
			name = "[CP] Embed Pods Frameworks";
			outputFileListPaths = (
			);
			outputPaths = (
				"${TARGET_BUILD_DIR}/${FRAMEWORKS_FOLDER_PATH}/Alamofire.framework",
				"${TARGET_BUILD_DIR}/${FRAMEWORKS_FOLDER_PATH}/Moya.framework",
				"${TARGET_BUILD_DIR}/${FRAMEWORKS_FOLDER_PATH}/Result.framework",
			);
			runOnlyForDeploymentPostprocessing = 0;
			shellPath = /bin/sh;
			shellScript = "\"${SRCROOT}/Pods/Target Support Files/Pods-Coordinator/Pods-Coordinator-frameworks.sh\"\n";
			showEnvVarsInLog = 0;
		};
/* End PBXShellScriptBuildPhase section */

/* Begin PBXSourcesBuildPhase section */
		A26C0A7221CD561600CBCCB2 /* Sources */ = {
			isa = PBXSourcesBuildPhase;
			buildActionMask = 2147483647;
			files = (
				A206E24A21DE82490099B5D4 /* LoginViewController.swift in Sources */,
				A26C0A8D21CD596B00CBCCB2 /* Networking.swift in Sources */,
				008A160D21D557DD00DA029B /* PersonEntity.swift in Sources */,
				A206E24221DE80140099B5D4 /* WelcomeViewController.swift in Sources */,
				008A160921D5565500DA029B /* ListEntity.swift in Sources */,
				A206E23A21DE79C60099B5D4 /* LoginViewControllerFactory.swift in Sources */,
				A206E23621DE798A0099B5D4 /* LoginNavigator.swift in Sources */,
				008A160B21D556F700DA029B /* LinkEntity.swift in Sources */,
				A206E24521DE803F0099B5D4 /* PasswordResetViewController.swift in Sources */,
				A206E23821DE79990099B5D4 /* Navigator.swift in Sources */,
				A26C0A7A21CD561600CBCCB2 /* AppDelegate.swift in Sources */,
				A206E23C21DE7A560099B5D4 /* User.swift in Sources */,
				A206E24821DE805A0099B5D4 /* SignUpViewController.swift in Sources */,
				008A160F21D55B7100DA029B /* MainTableViewController.swift in Sources */,
			);
			runOnlyForDeploymentPostprocessing = 0;
		};
/* End PBXSourcesBuildPhase section */

/* Begin PBXVariantGroup section */
		A26C0A7D21CD561600CBCCB2 /* Main.storyboard */ = {
			isa = PBXVariantGroup;
			children = (
				A26C0A7E21CD561600CBCCB2 /* Base */,
			);
			name = Main.storyboard;
			sourceTree = "<group>";
		};
		A26C0A8221CD561700CBCCB2 /* LaunchScreen.storyboard */ = {
			isa = PBXVariantGroup;
			children = (
				A26C0A8321CD561700CBCCB2 /* Base */,
			);
			name = LaunchScreen.storyboard;
			sourceTree = "<group>";
		};
/* End PBXVariantGroup section */

/* Begin XCBuildConfiguration section */
		A26C0A8621CD561700CBCCB2 /* Debug */ = {
			isa = XCBuildConfiguration;
			buildSettings = {
				ALWAYS_SEARCH_USER_PATHS = NO;
				CLANG_ANALYZER_NONNULL = YES;
				CLANG_ANALYZER_NUMBER_OBJECT_CONVERSION = YES_AGGRESSIVE;
				CLANG_CXX_LANGUAGE_STANDARD = "gnu++14";
				CLANG_CXX_LIBRARY = "libc++";
				CLANG_ENABLE_MODULES = YES;
				CLANG_ENABLE_OBJC_ARC = YES;
				CLANG_ENABLE_OBJC_WEAK = YES;
				CLANG_WARN_BLOCK_CAPTURE_AUTORELEASING = YES;
				CLANG_WARN_BOOL_CONVERSION = YES;
				CLANG_WARN_COMMA = YES;
				CLANG_WARN_CONSTANT_CONVERSION = YES;
				CLANG_WARN_DEPRECATED_OBJC_IMPLEMENTATIONS = YES;
				CLANG_WARN_DIRECT_OBJC_ISA_USAGE = YES_ERROR;
				CLANG_WARN_DOCUMENTATION_COMMENTS = YES;
				CLANG_WARN_EMPTY_BODY = YES;
				CLANG_WARN_ENUM_CONVERSION = YES;
				CLANG_WARN_INFINITE_RECURSION = YES;
				CLANG_WARN_INT_CONVERSION = YES;
				CLANG_WARN_NON_LITERAL_NULL_CONVERSION = YES;
				CLANG_WARN_OBJC_IMPLICIT_RETAIN_SELF = YES;
				CLANG_WARN_OBJC_LITERAL_CONVERSION = YES;
				CLANG_WARN_OBJC_ROOT_CLASS = YES_ERROR;
				CLANG_WARN_RANGE_LOOP_ANALYSIS = YES;
				CLANG_WARN_STRICT_PROTOTYPES = YES;
				CLANG_WARN_SUSPICIOUS_MOVE = YES;
				CLANG_WARN_UNGUARDED_AVAILABILITY = YES_AGGRESSIVE;
				CLANG_WARN_UNREACHABLE_CODE = YES;
				CLANG_WARN__DUPLICATE_METHOD_MATCH = YES;
				CODE_SIGN_IDENTITY = "iPhone Developer";
				COPY_PHASE_STRIP = NO;
				DEBUG_INFORMATION_FORMAT = dwarf;
				ENABLE_STRICT_OBJC_MSGSEND = YES;
				ENABLE_TESTABILITY = YES;
				GCC_C_LANGUAGE_STANDARD = gnu11;
				GCC_DYNAMIC_NO_PIC = NO;
				GCC_NO_COMMON_BLOCKS = YES;
				GCC_OPTIMIZATION_LEVEL = 0;
				GCC_PREPROCESSOR_DEFINITIONS = (
					"DEBUG=1",
					"$(inherited)",
				);
				GCC_WARN_64_TO_32_BIT_CONVERSION = YES;
				GCC_WARN_ABOUT_RETURN_TYPE = YES_ERROR;
				GCC_WARN_UNDECLARED_SELECTOR = YES;
				GCC_WARN_UNINITIALIZED_AUTOS = YES_AGGRESSIVE;
				GCC_WARN_UNUSED_FUNCTION = YES;
				GCC_WARN_UNUSED_VARIABLE = YES;
				IPHONEOS_DEPLOYMENT_TARGET = 12.1;
				MTL_ENABLE_DEBUG_INFO = INCLUDE_SOURCE;
				MTL_FAST_MATH = YES;
				ONLY_ACTIVE_ARCH = YES;
				SDKROOT = iphoneos;
				SWIFT_ACTIVE_COMPILATION_CONDITIONS = DEBUG;
				SWIFT_OPTIMIZATION_LEVEL = "-Onone";
			};
			name = Debug;
		};
		A26C0A8721CD561700CBCCB2 /* Release */ = {
			isa = XCBuildConfiguration;
			buildSettings = {
				ALWAYS_SEARCH_USER_PATHS = NO;
				CLANG_ANALYZER_NONNULL = YES;
				CLANG_ANALYZER_NUMBER_OBJECT_CONVERSION = YES_AGGRESSIVE;
				CLANG_CXX_LANGUAGE_STANDARD = "gnu++14";
				CLANG_CXX_LIBRARY = "libc++";
				CLANG_ENABLE_MODULES = YES;
				CLANG_ENABLE_OBJC_ARC = YES;
				CLANG_ENABLE_OBJC_WEAK = YES;
				CLANG_WARN_BLOCK_CAPTURE_AUTORELEASING = YES;
				CLANG_WARN_BOOL_CONVERSION = YES;
				CLANG_WARN_COMMA = YES;
				CLANG_WARN_CONSTANT_CONVERSION = YES;
				CLANG_WARN_DEPRECATED_OBJC_IMPLEMENTATIONS = YES;
				CLANG_WARN_DIRECT_OBJC_ISA_USAGE = YES_ERROR;
				CLANG_WARN_DOCUMENTATION_COMMENTS = YES;
				CLANG_WARN_EMPTY_BODY = YES;
				CLANG_WARN_ENUM_CONVERSION = YES;
				CLANG_WARN_INFINITE_RECURSION = YES;
				CLANG_WARN_INT_CONVERSION = YES;
				CLANG_WARN_NON_LITERAL_NULL_CONVERSION = YES;
				CLANG_WARN_OBJC_IMPLICIT_RETAIN_SELF = YES;
				CLANG_WARN_OBJC_LITERAL_CONVERSION = YES;
				CLANG_WARN_OBJC_ROOT_CLASS = YES_ERROR;
				CLANG_WARN_RANGE_LOOP_ANALYSIS = YES;
				CLANG_WARN_STRICT_PROTOTYPES = YES;
				CLANG_WARN_SUSPICIOUS_MOVE = YES;
				CLANG_WARN_UNGUARDED_AVAILABILITY = YES_AGGRESSIVE;
				CLANG_WARN_UNREACHABLE_CODE = YES;
				CLANG_WARN__DUPLICATE_METHOD_MATCH = YES;
				CODE_SIGN_IDENTITY = "iPhone Developer";
				COPY_PHASE_STRIP = NO;
				DEBUG_INFORMATION_FORMAT = "dwarf-with-dsym";
				ENABLE_NS_ASSERTIONS = NO;
				ENABLE_STRICT_OBJC_MSGSEND = YES;
				GCC_C_LANGUAGE_STANDARD = gnu11;
				GCC_NO_COMMON_BLOCKS = YES;
				GCC_WARN_64_TO_32_BIT_CONVERSION = YES;
				GCC_WARN_ABOUT_RETURN_TYPE = YES_ERROR;
				GCC_WARN_UNDECLARED_SELECTOR = YES;
				GCC_WARN_UNINITIALIZED_AUTOS = YES_AGGRESSIVE;
				GCC_WARN_UNUSED_FUNCTION = YES;
				GCC_WARN_UNUSED_VARIABLE = YES;
				IPHONEOS_DEPLOYMENT_TARGET = 12.1;
				MTL_ENABLE_DEBUG_INFO = NO;
				MTL_FAST_MATH = YES;
				SDKROOT = iphoneos;
				SWIFT_COMPILATION_MODE = wholemodule;
				SWIFT_OPTIMIZATION_LEVEL = "-O";
				VALIDATE_PRODUCT = YES;
			};
			name = Release;
		};
		A26C0A8921CD561700CBCCB2 /* Debug */ = {
			isa = XCBuildConfiguration;
			baseConfigurationReference = BD665D3BB7EA26DDB0B4B7AC /* Pods-Coordinator.debug.xcconfig */;
			buildSettings = {
				ASSETCATALOG_COMPILER_APPICON_NAME = AppIcon;
				CODE_SIGN_STYLE = Automatic;
				DEVELOPMENT_TEAM = 4BELNFV56M;
				INFOPLIST_FILE = "$(SRCROOT)/Coordinator/Supporting Files/Info.plist";
				IPHONEOS_DEPLOYMENT_TARGET = 11.0;
				LD_RUNPATH_SEARCH_PATHS = (
					"$(inherited)",
					"@executable_path/Frameworks",
				);
				PRODUCT_BUNDLE_IDENTIFIER = br.com.victormendes.Coordinator;
				PRODUCT_NAME = "$(TARGET_NAME)";
				SWIFT_VERSION = 4.2;
				TARGETED_DEVICE_FAMILY = "1,2";
			};
			name = Debug;
		};
		A26C0A8A21CD561700CBCCB2 /* Release */ = {
			isa = XCBuildConfiguration;
			baseConfigurationReference = B5E50A1A0747A86390EBFCBD /* Pods-Coordinator.release.xcconfig */;
			buildSettings = {
				ASSETCATALOG_COMPILER_APPICON_NAME = AppIcon;
				CODE_SIGN_STYLE = Automatic;
				DEVELOPMENT_TEAM = 4BELNFV56M;
				INFOPLIST_FILE = "$(SRCROOT)/Coordinator/Supporting Files/Info.plist";
				IPHONEOS_DEPLOYMENT_TARGET = 11.0;
				LD_RUNPATH_SEARCH_PATHS = (
					"$(inherited)",
					"@executable_path/Frameworks",
				);
				PRODUCT_BUNDLE_IDENTIFIER = br.com.victormendes.Coordinator;
				PRODUCT_NAME = "$(TARGET_NAME)";
				SWIFT_VERSION = 4.2;
				TARGETED_DEVICE_FAMILY = "1,2";
			};
			name = Release;
		};
/* End XCBuildConfiguration section */

/* Begin XCConfigurationList section */
		A26C0A7121CD561600CBCCB2 /* Build configuration list for PBXProject "Coordinator" */ = {
			isa = XCConfigurationList;
			buildConfigurations = (
				A26C0A8621CD561700CBCCB2 /* Debug */,
				A26C0A8721CD561700CBCCB2 /* Release */,
			);
			defaultConfigurationIsVisible = 0;
			defaultConfigurationName = Release;
		};
		A26C0A8821CD561700CBCCB2 /* Build configuration list for PBXNativeTarget "Coordinator" */ = {
			isa = XCConfigurationList;
			buildConfigurations = (
				A26C0A8921CD561700CBCCB2 /* Debug */,
				A26C0A8A21CD561700CBCCB2 /* Release */,
			);
			defaultConfigurationIsVisible = 0;
			defaultConfigurationName = Release;
		};
/* End XCConfigurationList section */
	};
	rootObject = A26C0A6E21CD561600CBCCB2 /* Project object */;
}
